// !$*UTF8*$!
{
	archiveVersion = 1;
	classes = {
	};
	objectVersion = 46;
	objects = {

/* Begin PBXBuildFile section */
		5C6B196F1B954D3500C44715 /* main.m in Sources */ = {isa = PBXBuildFile; fileRef = 5C6B196E1B954D3500C44715 /* main.m */; };
		5C6B19721B954D3500C44715 /* AppDelegate.m in Sources */ = {isa = PBXBuildFile; fileRef = 5C6B19711B954D3500C44715 /* AppDelegate.m */; };
		5C6B19751B954D3500C44715 /* ViewController.m in Sources */ = {isa = PBXBuildFile; fileRef = 5C6B19741B954D3500C44715 /* ViewController.m */; };
		5C6B19781B954D3500C44715 /* Main.storyboard in Resources */ = {isa = PBXBuildFile; fileRef = 5C6B19761B954D3500C44715 /* Main.storyboard */; };
		5C6B197A1B954D3500C44715 /* Images.xcassets in Resources */ = {isa = PBXBuildFile; fileRef = 5C6B19791B954D3500C44715 /* Images.xcassets */; };
		5C6B197D1B954D3500C44715 /* LaunchScreen.xib in Resources */ = {isa = PBXBuildFile; fileRef = 5C6B197B1B954D3500C44715 /* LaunchScreen.xib */; };
		5C6B19891B954D3500C44715 /* ReactiveCocoaTests.m in Sources */ = {isa = PBXBuildFile; fileRef = 5C6B19881B954D3500C44715 /* ReactiveCocoaTests.m */; };
		5CFDA8F11C3F59D700F490F0 /* CellFromObject.m in Sources */ = {isa = PBXBuildFile; fileRef = 5CFDA8F01C3F59D700F490F0 /* CellFromObject.m */; };
		5CFDA8F81C3FB5B800F490F0 /* UIColor+Extend.m in Sources */ = {isa = PBXBuildFile; fileRef = 5CFDA8F71C3FB5B800F490F0 /* UIColor+Extend.m */; };
		F90D2FBA827D8A448FB5BBB4 /* libPods.a in Frameworks */ = {isa = PBXBuildFile; fileRef = F2BAFBAD7BFEB3756BDEBD87 /* libPods.a */; };
/* End PBXBuildFile section */

/* Begin PBXContainerItemProxy section */
		5C6B19831B954D3500C44715 /* PBXContainerItemProxy */ = {
			isa = PBXContainerItemProxy;
			containerPortal = 5C6B19611B954D3500C44715 /* Project object */;
			proxyType = 1;
			remoteGlobalIDString = 5C6B19681B954D3500C44715;
			remoteInfo = ReactiveCocoa;
		};
/* End PBXContainerItemProxy section */

/* Begin PBXFileReference section */
		5C6B19691B954D3500C44715 /* ReactiveCocoa.app */ = {isa = PBXFileReference; explicitFileType = wrapper.application; includeInIndex = 0; path = ReactiveCocoa.app; sourceTree = BUILT_PRODUCTS_DIR; };
		5C6B196D1B954D3500C44715 /* Info.plist */ = {isa = PBXFileReference; lastKnownFileType = text.plist.xml; path = Info.plist; sourceTree = "<group>"; };
		5C6B196E1B954D3500C44715 /* main.m */ = {isa = PBXFileReference; lastKnownFileType = sourcecode.c.objc; path = main.m; sourceTree = "<group>"; };
		5C6B19701B954D3500C44715 /* AppDelegate.h */ = {isa = PBXFileReference; lastKnownFileType = sourcecode.c.h; path = AppDelegate.h; sourceTree = "<group>"; };
		5C6B19711B954D3500C44715 /* AppDelegate.m */ = {isa = PBXFileReference; lastKnownFileType = sourcecode.c.objc; path = AppDelegate.m; sourceTree = "<group>"; };
		5C6B19731B954D3500C44715 /* ViewController.h */ = {isa = PBXFileReference; lastKnownFileType = sourcecode.c.h; path = ViewController.h; sourceTree = "<group>"; };
		5C6B19741B954D3500C44715 /* ViewController.m */ = {isa = PBXFileReference; lastKnownFileType = sourcecode.c.objc; path = ViewController.m; sourceTree = "<group>"; };
		5C6B19771B954D3500C44715 /* Base */ = {isa = PBXFileReference; lastKnownFileType = file.storyboard; name = Base; path = Base.lproj/Main.storyboard; sourceTree = "<group>"; };
		5C6B19791B954D3500C44715 /* Images.xcassets */ = {isa = PBXFileReference; lastKnownFileType = folder.assetcatalog; path = Images.xcassets; sourceTree = "<group>"; };
		5C6B197C1B954D3500C44715 /* Base */ = {isa = PBXFileReference; lastKnownFileType = file.xib; name = Base; path = Base.lproj/LaunchScreen.xib; sourceTree = "<group>"; };
		5C6B19821B954D3500C44715 /* ReactiveCocoaTests.xctest */ = {isa = PBXFileReference; explicitFileType = wrapper.cfbundle; includeInIndex = 0; path = ReactiveCocoaTests.xctest; sourceTree = BUILT_PRODUCTS_DIR; };
		5C6B19871B954D3500C44715 /* Info.plist */ = {isa = PBXFileReference; lastKnownFileType = text.plist.xml; path = Info.plist; sourceTree = "<group>"; };
		5C6B19881B954D3500C44715 /* ReactiveCocoaTests.m */ = {isa = PBXFileReference; lastKnownFileType = sourcecode.c.objc; path = ReactiveCocoaTests.m; sourceTree = "<group>"; };
		5CFDA8EF1C3F59D700F490F0 /* CellFromObject.h */ = {isa = PBXFileReference; fileEncoding = 4; lastKnownFileType = sourcecode.c.h; path = CellFromObject.h; sourceTree = "<group>"; };
		5CFDA8F01C3F59D700F490F0 /* CellFromObject.m */ = {isa = PBXFileReference; fileEncoding = 4; lastKnownFileType = sourcecode.c.objc; path = CellFromObject.m; sourceTree = "<group>"; };
		5CFDA8F21C3F5C0500F490F0 /* PrefixHeader.pch */ = {isa = PBXFileReference; fileEncoding = 4; lastKnownFileType = sourcecode.c.h; path = PrefixHeader.pch; sourceTree = "<group>"; };
		5CFDA8F61C3FB5B800F490F0 /* UIColor+Extend.h */ = {isa = PBXFileReference; fileEncoding = 4; lastKnownFileType = sourcecode.c.h; path = "UIColor+Extend.h"; sourceTree = "<group>"; };
		5CFDA8F71C3FB5B800F490F0 /* UIColor+Extend.m */ = {isa = PBXFileReference; fileEncoding = 4; lastKnownFileType = sourcecode.c.objc; path = "UIColor+Extend.m"; sourceTree = "<group>"; };
		6D8597DC48FC6670D36406E2 /* Pods.release.xcconfig */ = {isa = PBXFileReference; includeInIndex = 1; lastKnownFileType = text.xcconfig; name = Pods.release.xcconfig; path = "Pods/Target Support Files/Pods/Pods.release.xcconfig"; sourceTree = "<group>"; };
		C52136E1A62FC1974B2D5999 /* Pods.debug.xcconfig */ = {isa = PBXFileReference; includeInIndex = 1; lastKnownFileType = text.xcconfig; name = Pods.debug.xcconfig; path = "Pods/Target Support Files/Pods/Pods.debug.xcconfig"; sourceTree = "<group>"; };
		F2BAFBAD7BFEB3756BDEBD87 /* libPods.a */ = {isa = PBXFileReference; explicitFileType = archive.ar; includeInIndex = 0; path = libPods.a; sourceTree = BUILT_PRODUCTS_DIR; };
/* End PBXFileReference section */

/* Begin PBXFrameworksBuildPhase section */
		5C6B19661B954D3500C44715 /* Frameworks */ = {
			isa = PBXFrameworksBuildPhase;
			buildActionMask = 2147483647;
			files = (
				F90D2FBA827D8A448FB5BBB4 /* libPods.a in Frameworks */,
			);
			runOnlyForDeploymentPostprocessing = 0;
		};
		5C6B197F1B954D3500C44715 /* Frameworks */ = {
			isa = PBXFrameworksBuildPhase;
			buildActionMask = 2147483647;
			files = (
			);
			runOnlyForDeploymentPostprocessing = 0;
		};
/* End PBXFrameworksBuildPhase section */

/* Begin PBXGroup section */
		45268029567DA999FB89711E /* Pods */ = {
			isa = PBXGroup;
			children = (
				C52136E1A62FC1974B2D5999 /* Pods.debug.xcconfig */,
				6D8597DC48FC6670D36406E2 /* Pods.release.xcconfig */,
			);
			name = Pods;
			sourceTree = "<group>";
		};
		5C6B19601B954D3500C44715 = {
			isa = PBXGroup;
			children = (
				5C6B196B1B954D3500C44715 /* ReactiveCocoa */,
				5C6B19851B954D3500C44715 /* ReactiveCocoaTests */,
				5C6B196A1B954D3500C44715 /* Products */,
				45268029567DA999FB89711E /* Pods */,
				F72DB0D5D2711A277C1BE89C /* Frameworks */,
			);
			sourceTree = "<group>";
		};
		5C6B196A1B954D3500C44715 /* Products */ = {
			isa = PBXGroup;
			children = (
				5C6B19691B954D3500C44715 /* ReactiveCocoa.app */,
				5C6B19821B954D3500C44715 /* ReactiveCocoaTests.xctest */,
			);
			name = Products;
			sourceTree = "<group>";
		};
		5C6B196B1B954D3500C44715 /* ReactiveCocoa */ = {
			isa = PBXGroup;
			children = (
				5CFDA8EF1C3F59D700F490F0 /* CellFromObject.h */,
				5CFDA8F01C3F59D700F490F0 /* CellFromObject.m */,
				5C6B19701B954D3500C44715 /* AppDelegate.h */,
				5CFDA8F61C3FB5B800F490F0 /* UIColor+Extend.h */,
				5CFDA8F71C3FB5B800F490F0 /* UIColor+Extend.m */,
				5C6B19711B954D3500C44715 /* AppDelegate.m */,
				5C6B19731B954D3500C44715 /* ViewController.h */,
				5C6B19741B954D3500C44715 /* ViewController.m */,
				5C6B19761B954D3500C44715 /* Main.storyboard */,
				5C6B19791B954D3500C44715 /* Images.xcassets */,
				5C6B197B1B954D3500C44715 /* LaunchScreen.xib */,
				5C6B196C1B954D3500C44715 /* Supporting Files */,
				5CFDA8F21C3F5C0500F490F0 /* PrefixHeader.pch */,
			);
			path = ReactiveCocoa;
			sourceTree = "<group>";
		};
		5C6B196C1B954D3500C44715 /* Supporting Files */ = {
			isa = PBXGroup;
			children = (
				5C6B196D1B954D3500C44715 /* Info.plist */,
				5C6B196E1B954D3500C44715 /* main.m */,
			);
			name = "Supporting Files";
			sourceTree = "<group>";
		};
		5C6B19851B954D3500C44715 /* ReactiveCocoaTests */ = {
			isa = PBXGroup;
			children = (
				5C6B19881B954D3500C44715 /* ReactiveCocoaTests.m */,
				5C6B19861B954D3500C44715 /* Supporting Files */,
			);
			path = ReactiveCocoaTests;
			sourceTree = "<group>";
		};
		5C6B19861B954D3500C44715 /* Supporting Files */ = {
			isa = PBXGroup;
			children = (
				5C6B19871B954D3500C44715 /* Info.plist */,
			);
			name = "Supporting Files";
			sourceTree = "<group>";
		};
		F72DB0D5D2711A277C1BE89C /* Frameworks */ = {
			isa = PBXGroup;
			children = (
				F2BAFBAD7BFEB3756BDEBD87 /* libPods.a */,
			);
			name = Frameworks;
			sourceTree = "<group>";
		};
/* End PBXGroup section */

/* Begin PBXNativeTarget section */
		5C6B19681B954D3500C44715 /* ReactiveCocoa */ = {
			isa = PBXNativeTarget;
			buildConfigurationList = 5C6B198C1B954D3500C44715 /* Build configuration list for PBXNativeTarget "ReactiveCocoa" */;
			buildPhases = (
				D5C1AAE6235C9B7C23566675 /* Check Pods Manifest.lock */,
				5C6B19651B954D3500C44715 /* Sources */,
				5C6B19661B954D3500C44715 /* Frameworks */,
				5C6B19671B954D3500C44715 /* Resources */,
				E5170D04485CB6E1362992CA /* Copy Pods Resources */,
			);
			buildRules = (
			);
			dependencies = (
			);
			name = ReactiveCocoa;
			productName = ReactiveCocoa;
			productReference = 5C6B19691B954D3500C44715 /* ReactiveCocoa.app */;
			productType = "com.apple.product-type.application";
		};
		5C6B19811B954D3500C44715 /* ReactiveCocoaTests */ = {
			isa = PBXNativeTarget;
			buildConfigurationList = 5C6B198F1B954D3500C44715 /* Build configuration list for PBXNativeTarget "ReactiveCocoaTests" */;
			buildPhases = (
				5C6B197E1B954D3500C44715 /* Sources */,
				5C6B197F1B954D3500C44715 /* Frameworks */,
				5C6B19801B954D3500C44715 /* Resources */,
			);
			buildRules = (
			);
			dependencies = (
				5C6B19841B954D3500C44715 /* PBXTargetDependency */,
			);
			name = ReactiveCocoaTests;
			productName = ReactiveCocoaTests;
			productReference = 5C6B19821B954D3500C44715 /* ReactiveCocoaTests.xctest */;
			productType = "com.apple.product-type.bundle.unit-test";
		};
/* End PBXNativeTarget section */

/* Begin PBXProject section */
		5C6B19611B954D3500C44715 /* Project object */ = {
			isa = PBXProject;
			attributes = {
				LastUpgradeCheck = 0640;
				ORGANIZATIONNAME = com.987trip;
				TargetAttributes = {
					5C6B19681B954D3500C44715 = {
						CreatedOnToolsVersion = 6.4;
					};
					5C6B19811B954D3500C44715 = {
						CreatedOnToolsVersion = 6.4;
						TestTargetID = 5C6B19681B954D3500C44715;
					};
				};
			};
			buildConfigurationList = 5C6B19641B954D3500C44715 /* Build configuration list for PBXProject "ReactiveCocoa" */;
			compatibilityVersion = "Xcode 3.2";
			developmentRegion = English;
			hasScannedForEncodings = 0;
			knownRegions = (
				en,
				Base,
			);
			mainGroup = 5C6B19601B954D3500C44715;
			productRefGroup = 5C6B196A1B954D3500C44715 /* Products */;
			projectDirPath = "";
			projectRoot = "";
			targets = (
				5C6B19681B954D3500C44715 /* ReactiveCocoa */,
				5C6B19811B954D3500C44715 /* ReactiveCocoaTests */,
			);
		};
/* End PBXProject section */

/* Begin PBXResourcesBuildPhase section */
		5C6B19671B954D3500C44715 /* Resources */ = {
			isa = PBXResourcesBuildPhase;
			buildActionMask = 2147483647;
			files = (
				5C6B19781B954D3500C44715 /* Main.storyboard in Resources */,
				5C6B197D1B954D3500C44715 /* LaunchScreen.xib in Resources */,
				5C6B197A1B954D3500C44715 /* Images.xcassets in Resources */,
			);
			runOnlyForDeploymentPostprocessing = 0;
		};
		5C6B19801B954D3500C44715 /* Resources */ = {
			isa = PBXResourcesBuildPhase;
			buildActionMask = 2147483647;
			files = (
			);
			runOnlyForDeploymentPostprocessing = 0;
		};
/* End PBXResourcesBuildPhase section */

/* Begin PBXShellScriptBuildPhase section */
		D5C1AAE6235C9B7C23566675 /* Check Pods Manifest.lock */ = {
			isa = PBXShellScriptBuildPhase;
			buildActionMask = 2147483647;
			files = (
			);
			inputPaths = (
			);
			name = "Check Pods Manifest.lock";
			outputPaths = (
			);
			runOnlyForDeploymentPostprocessing = 0;
			shellPath = /bin/sh;
			shellScript = "diff \"${PODS_ROOT}/../Podfile.lock\" \"${PODS_ROOT}/Manifest.lock\" > /dev/null\nif [[ $? != 0 ]] ; then\n    cat << EOM\nerror: The sandbox is not in sync with the Podfile.lock. Run 'pod install' or update your CocoaPods installation.\nEOM\n    exit 1\nfi\n";
			showEnvVarsInLog = 0;
		};
		E5170D04485CB6E1362992CA /* Copy Pods Resources */ = {
			isa = PBXShellScriptBuildPhase;
			buildActionMask = 2147483647;
			files = (
			);
			inputPaths = (
			);
			name = "Copy Pods Resources";
			outputPaths = (
			);
			runOnlyForDeploymentPostprocessing = 0;
			shellPath = /bin/sh;
			shellScript = "\"${SRCROOT}/Pods/Target Support Files/Pods/Pods-resources.sh\"\n";
			showEnvVarsInLog = 0;
		};
/* End PBXShellScriptBuildPhase section */

/* Begin PBXSourcesBuildPhase section */
		5C6B19651B954D3500C44715 /* Sources */ = {
			isa = PBXSourcesBuildPhase;
			buildActionMask = 2147483647;
			files = (
				5CFDA8F81C3FB5B800F490F0 /* UIColor+Extend.m in Sources */,
				5C6B19751B954D3500C44715 /* ViewController.m in Sources */,
				5C6B19721B954D3500C44715 /* AppDelegate.m in Sources */,
				5CFDA8F11C3F59D700F490F0 /* CellFromObject.m in Sources */,
				5C6B196F1B954D3500C44715 /* main.m in Sources */,
			);
			runOnlyForDeploymentPostprocessing = 0;
		};
		5C6B197E1B954D3500C44715 /* Sources */ = {
			isa = PBXSourcesBuildPhase;
			buildActionMask = 2147483647;
			files = (
				5C6B19891B954D3500C44715 /* ReactiveCocoaTests.m in Sources */,
			);
			runOnlyForDeploymentPostprocessing = 0;
		};
/* End PBXSourcesBuildPhase section */

/* Begin PBXTargetDependency section */
		5C6B19841B954D3500C44715 /* PBXTargetDependency */ = {
			isa = PBXTargetDependency;
			target = 5C6B19681B954D3500C44715 /* ReactiveCocoa */;
			targetProxy = 5C6B19831B954D3500C44715 /* PBXContainerItemProxy */;
		};
/* End PBXTargetDependency section */

/* Begin PBXVariantGroup section */
		5C6B19761B954D3500C44715 /* Main.storyboard */ = {
			isa = PBXVariantGroup;
			children = (
				5C6B19771B954D3500C44715 /* Base */,
			);
			name = Main.storyboard;
			sourceTree = "<group>";
		};
		5C6B197B1B954D3500C44715 /* LaunchScreen.xib */ = {
			isa = PBXVariantGroup;
			children = (
				5C6B197C1B954D3500C44715 /* Base */,
			);
			name = LaunchScreen.xib;
			sourceTree = "<group>";
		};
/* End PBXVariantGroup section */

/* Begin XCBuildConfiguration section */
		5C6B198A1B954D3500C44715 /* Debug */ = {
			isa = XCBuildConfiguration;
			buildSettings = {
				ALWAYS_SEARCH_USER_PATHS = NO;
				CLANG_CXX_LANGUAGE_STANDARD = "gnu++0x";
				CLANG_CXX_LIBRARY = "libc++";
				CLANG_ENABLE_MODULES = YES;
				CLANG_ENABLE_OBJC_ARC = YES;
				CLANG_WARN_BOOL_CONVERSION = YES;
				CLANG_WARN_CONSTANT_CONVERSION = YES;
				CLANG_WARN_DIRECT_OBJC_ISA_USAGE = YES_ERROR;
				CLANG_WARN_EMPTY_BODY = YES;
				CLANG_WARN_ENUM_CONVERSION = YES;
				CLANG_WARN_INT_CONVERSION = YES;
				CLANG_WARN_OBJC_ROOT_CLASS = YES_ERROR;
				CLANG_WARN_UNREACHABLE_CODE = YES;
				CLANG_WARN__DUPLICATE_METHOD_MATCH = YES;
				"CODE_SIGN_IDENTITY[sdk=iphoneos*]" = "iPhone Developer";
				COPY_PHASE_STRIP = NO;
				DEBUG_INFORMATION_FORMAT = "dwarf-with-dsym";
				ENABLE_STRICT_OBJC_MSGSEND = YES;
				GCC_C_LANGUAGE_STANDARD = gnu99;
				GCC_DYNAMIC_NO_PIC = NO;
				GCC_NO_COMMON_BLOCKS = YES;
				GCC_OPTIMIZATION_LEVEL = 0;
				GCC_PREPROCESSOR_DEFINITIONS = (
					"DEBUG=1",
					"$(inherited)",
				);
				GCC_SYMBOLS_PRIVATE_EXTERN = NO;
				GCC_WARN_64_TO_32_BIT_CONVERSION = YES;
				GCC_WARN_ABOUT_RETURN_TYPE = YES_ERROR;
				GCC_WARN_UNDECLARED_SELECTOR = YES;
				GCC_WARN_UNINITIALIZED_AUTOS = YES_AGGRESSIVE;
				GCC_WARN_UNUSED_FUNCTION = YES;
				GCC_WARN_UNUSED_VARIABLE = YES;
				IPHONEOS_DEPLOYMENT_TARGET = 8.4;
				MTL_ENABLE_DEBUG_INFO = YES;
				ONLY_ACTIVE_ARCH = YES;
				SDKROOT = iphoneos;
			};
			name = Debug;
		};
		5C6B198B1B954D3500C44715 /* Release */ = {
			isa = XCBuildConfiguration;
			buildSettings = {
				ALWAYS_SEARCH_USER_PATHS = NO;
				CLANG_CXX_LANGUAGE_STANDARD = "gnu++0x";
				CLANG_CXX_LIBRARY = "libc++";
				CLANG_ENABLE_MODULES = YES;
				CLANG_ENABLE_OBJC_ARC = YES;
				CLANG_WARN_BOOL_CONVERSION = YES;
				CLANG_WARN_CONSTANT_CONVERSION = YES;
				CLANG_WARN_DIRECT_OBJC_ISA_USAGE = YES_ERROR;
				CLANG_WARN_EMPTY_BODY = YES;
				CLANG_WARN_ENUM_CONVERSION = YES;
				CLANG_WARN_INT_CONVERSION = YES;
				CLANG_WARN_OBJC_ROOT_CLASS = YES_ERROR;
				CLANG_WARN_UNREACHABLE_CODE = YES;
				CLANG_WARN__DUPLICATE_METHOD_MATCH = YES;
				"CODE_SIGN_IDENTITY[sdk=iphoneos*]" = "iPhone Developer";
				COPY_PHASE_STRIP = NO;
				DEBUG_INFORMATION_FORMAT = "dwarf-with-dsym";
				ENABLE_NS_ASSERTIONS = NO;
				ENABLE_STRICT_OBJC_MSGSEND = YES;
				GCC_C_LANGUAGE_STANDARD = gnu99;
				GCC_NO_COMMON_BLOCKS = YES;
				GCC_WARN_64_TO_32_BIT_CONVERSION = YES;
				GCC_WARN_ABOUT_RETURN_TYPE = YES_ERROR;
				GCC_WARN_UNDECLARED_SELECTOR = YES;
				GCC_WARN_UNINITIALIZED_AUTOS = YES_AGGRESSIVE;
				GCC_WARN_UNUSED_FUNCTION = YES;
				GCC_WARN_UNUSED_VARIABLE = YES;
				IPHONEOS_DEPLOYMENT_TARGET = 8.4;
				MTL_ENABLE_DEBUG_INFO = NO;
				SDKROOT = iphoneos;
				VALIDATE_PRODUCT = YES;
			};
			name = Release;
		};
		5C6B198D1B954D3500C44715 /* Debug */ = {
			isa = XCBuildConfiguration;
			baseConfigurationReference = C52136E1A62FC1974B2D5999 /* Pods.debug.xcconfig */;
			buildSettings = {
				ASSETCATALOG_COMPILER_APPICON_NAME = AppIcon;
				GCC_PREFIX_HEADER = "$(SRCROOT)/ReactiveCocoa/PrefixHeader.pch";
				INFOPLIST_FILE = ReactiveCocoa/Info.plist;
				LD_RUNPATH_SEARCH_PATHS = "$(inherited) @executable_path/Frameworks";
				PRODUCT_NAME = "$(TARGET_NAME)";
			};
			name = Debug;
		};
		5C6B198E1B954D3500C44715 /* Release */ = {
			isa = XCBuildConfiguration;
			baseConfigurationReference = 6D8597DC48FC6670D36406E2 /* Pods.release.xcconfig */;
			buildSettings = {
				ASSETCATALOG_COMPILER_APPICON_NAME = AppIcon;
				GCC_PREFIX_HEADER = "$(SRCROOT)/ReactiveCocoa/PrefixHeader.pch";
				INFOPLIST_FILE = ReactiveCocoa/Info.plist;
				LD_RUNPATH_SEARCH_PATHS = "$(inherited) @executable_path/Frameworks";
				PRODUCT_NAME = "$(TARGET_NAME)";
			};
			name = Release;
		};
		5C6B19901B954D3500C44715 /* Debug */ = {
			isa = XCBuildConfiguration;
			buildSettings = {
				BUNDLE_LOADER = "$(TEST_HOST)";
				FRAMEWORK_SEARCH_PATHS = (
					"$(SDKROOT)/Developer/Library/Frameworks",
					"$(inherited)",
				);
				GCC_PREPROCESSOR_DEFINITIONS = (
					"DEBUG=1",
					"$(inherited)",
				);
				INFOPLIST_FILE = ReactiveCocoaTests/Info.plist;
				LD_RUNPATH_SEARCH_PATHS = "$(inherited) @executable_path/Frameworks @loader_path/Frameworks";
				PRODUCT_NAME = "$(TARGET_NAME)";
				TEST_HOST = "$(BUILT_PRODUCTS_DIR)/ReactiveCocoa.app/ReactiveCocoa";
			};
			name = Debug;
		};
		5C6B19911B954D3500C44715 /* Release */ = {
			isa = XCBuildConfiguration;
			buildSettings = {
				BUNDLE_LOADER = "$(TEST_HOST)";
				FRAMEWORK_SEARCH_PATHS = (
					"$(SDKROOT)/Developer/Library/Frameworks",
					"$(inherited)",
				);
				INFOPLIST_FILE = ReactiveCocoaTests/Info.plist;
				LD_RUNPATH_SEARCH_PATHS = "$(inherited) @executable_path/Frameworks @loader_path/Frameworks";
				PRODUCT_NAME = "$(TARGET_NAME)";
				TEST_HOST = "$(BUILT_PRODUCTS_DIR)/ReactiveCocoa.app/ReactiveCocoa";
			};
			name = Release;
		};
/* End XCBuildConfiguration section */

/* Begin XCConfigurationList section */
		5C6B19641B954D3500C44715 /* Build configuration list for PBXProject "ReactiveCocoa" */ = {
			isa = XCConfigurationList;
			buildConfigurations = (
				5C6B198A1B954D3500C44715 /* Debug */,
				5C6B198B1B954D3500C44715 /* Release */,
			);
			defaultConfigurationIsVisible = 0;
			defaultConfigurationName = Release;
		};
		5C6B198C1B954D3500C44715 /* Build configuration list for PBXNativeTarget "ReactiveCocoa" */ = {
			isa = XCConfigurationList;
			buildConfigurations = (
				5C6B198D1B954D3500C44715 /* Debug */,
				5C6B198E1B954D3500C44715 /* Release */,
			);
			defaultConfigurationIsVisible = 0;
			defaultConfigurationName = Release;
		};
		5C6B198F1B954D3500C44715 /* Build configuration list for PBXNativeTarget "ReactiveCocoaTests" */ = {
			isa = XCConfigurationList;
			buildConfigurations = (
				5C6B19901B954D3500C44715 /* Debug */,
				5C6B19911B954D3500C44715 /* Release */,
			);
			defaultConfigurationIsVisible = 0;
			defaultConfigurationName = Release;
		};
/* End XCConfigurationList section */
	};
	rootObject = 5C6B19611B954D3500C44715 /* Project object */;
}
